// !$*UTF8*$!
{
	archiveVersion = 1;
	classes = {
	};
	objectVersion = 48;
	objects = {

/* Begin PBXBuildFile section */
		4BC6B1D126F730E3A3D45711 /* Pods_Tasket.framework in Frameworks */ = {isa = PBXBuildFile; fileRef = 2C751ABD2C1935691BC70559 /* Pods_Tasket.framework */; };
		B019C777201678C900DECFD9 /* CategoriesViewController+SwipeCell.swift in Sources */ = {isa = PBXBuildFile; fileRef = B019C776201678C900DECFD9 /* CategoriesViewController+SwipeCell.swift */; };
		B019C7792016854C00DECFD9 /* TodoListViewController+SwipeCell.swift in Sources */ = {isa = PBXBuildFile; fileRef = B019C7782016854C00DECFD9 /* TodoListViewController+SwipeCell.swift */; };
		B034530020158E28006CBAB8 /* TodoListViewController+UISearchBar.swift in Sources */ = {isa = PBXBuildFile; fileRef = B03452FF20158E28006CBAB8 /* TodoListViewController+UISearchBar.swift */; };
		B03453042015973B006CBAB8 /* CategoriesViewController.swift in Sources */ = {isa = PBXBuildFile; fileRef = B03453032015973B006CBAB8 /* CategoriesViewController.swift */; };
		B0AFC76A2015AD3600C45135 /* TodoItem.swift in Sources */ = {isa = PBXBuildFile; fileRef = B0AFC7692015AD3600C45135 /* TodoItem.swift */; };
		B0AFC76C2015AD3B00C45135 /* Category.swift in Sources */ = {isa = PBXBuildFile; fileRef = B0AFC76B2015AD3B00C45135 /* Category.swift */; };
		B0FBEB252013F09100792A6B /* AppDelegate.swift in Sources */ = {isa = PBXBuildFile; fileRef = B0FBEB242013F09100792A6B /* AppDelegate.swift */; };
		B0FBEB272013F09100792A6B /* TodoListViewController.swift in Sources */ = {isa = PBXBuildFile; fileRef = B0FBEB262013F09100792A6B /* TodoListViewController.swift */; };
		B0FBEB2A2013F09100792A6B /* Main.storyboard in Resources */ = {isa = PBXBuildFile; fileRef = B0FBEB282013F09100792A6B /* Main.storyboard */; };
		B0FBEB2C2013F09100792A6B /* Assets.xcassets in Resources */ = {isa = PBXBuildFile; fileRef = B0FBEB2B2013F09100792A6B /* Assets.xcassets */; };
		B0FBEB2F2013F09100792A6B /* LaunchScreen.storyboard in Resources */ = {isa = PBXBuildFile; fileRef = B0FBEB2D2013F09100792A6B /* LaunchScreen.storyboard */; };
/* End PBXBuildFile section */

/* Begin PBXFileReference section */
		2C751ABD2C1935691BC70559 /* Pods_Tasket.framework */ = {isa = PBXFileReference; explicitFileType = wrapper.framework; includeInIndex = 0; path = Pods_Tasket.framework; sourceTree = BUILT_PRODUCTS_DIR; };
		837014AC713F2153FAD259F6 /* Pods-Tasket.debug.xcconfig */ = {isa = PBXFileReference; includeInIndex = 1; lastKnownFileType = text.xcconfig; name = "Pods-Tasket.debug.xcconfig"; path = "Pods/Target Support Files/Pods-Tasket/Pods-Tasket.debug.xcconfig"; sourceTree = "<group>"; };
		B019C776201678C900DECFD9 /* CategoriesViewController+SwipeCell.swift */ = {isa = PBXFileReference; lastKnownFileType = sourcecode.swift; path = "CategoriesViewController+SwipeCell.swift"; sourceTree = "<group>"; };
		B019C7782016854C00DECFD9 /* TodoListViewController+SwipeCell.swift */ = {isa = PBXFileReference; lastKnownFileType = sourcecode.swift; path = "TodoListViewController+SwipeCell.swift"; sourceTree = "<group>"; };
		B03452FF20158E28006CBAB8 /* TodoListViewController+UISearchBar.swift */ = {isa = PBXFileReference; lastKnownFileType = sourcecode.swift; path = "TodoListViewController+UISearchBar.swift"; sourceTree = "<group>"; };
		B03453032015973B006CBAB8 /* CategoriesViewController.swift */ = {isa = PBXFileReference; lastKnownFileType = sourcecode.swift; path = CategoriesViewController.swift; sourceTree = "<group>"; };
		B0AFC7692015AD3600C45135 /* TodoItem.swift */ = {isa = PBXFileReference; lastKnownFileType = sourcecode.swift; path = TodoItem.swift; sourceTree = "<group>"; };
		B0AFC76B2015AD3B00C45135 /* Category.swift */ = {isa = PBXFileReference; lastKnownFileType = sourcecode.swift; path = Category.swift; sourceTree = "<group>"; };
		B0FBEB212013F09100792A6B /* Tasket.app */ = {isa = PBXFileReference; explicitFileType = wrapper.application; includeInIndex = 0; path = Tasket.app; sourceTree = BUILT_PRODUCTS_DIR; };
		B0FBEB242013F09100792A6B /* AppDelegate.swift */ = {isa = PBXFileReference; lastKnownFileType = sourcecode.swift; path = AppDelegate.swift; sourceTree = "<group>"; };
		B0FBEB262013F09100792A6B /* TodoListViewController.swift */ = {isa = PBXFileReference; lastKnownFileType = sourcecode.swift; path = TodoListViewController.swift; sourceTree = "<group>"; };
		B0FBEB292013F09100792A6B /* Base */ = {isa = PBXFileReference; lastKnownFileType = file.storyboard; name = Base; path = Base.lproj/Main.storyboard; sourceTree = "<group>"; };
		B0FBEB2B2013F09100792A6B /* Assets.xcassets */ = {isa = PBXFileReference; lastKnownFileType = folder.assetcatalog; path = Assets.xcassets; sourceTree = "<group>"; };
		B0FBEB2E2013F09100792A6B /* Base */ = {isa = PBXFileReference; lastKnownFileType = file.storyboard; name = Base; path = Base.lproj/LaunchScreen.storyboard; sourceTree = "<group>"; };
		B0FBEB302013F09100792A6B /* Info.plist */ = {isa = PBXFileReference; lastKnownFileType = text.plist.xml; path = Info.plist; sourceTree = "<group>"; };
		CF8E545A1E43017270057D80 /* Pods-Tasket.release.xcconfig */ = {isa = PBXFileReference; includeInIndex = 1; lastKnownFileType = text.xcconfig; name = "Pods-Tasket.release.xcconfig"; path = "Pods/Target Support Files/Pods-Tasket/Pods-Tasket.release.xcconfig"; sourceTree = "<group>"; };
/* End PBXFileReference section */

/* Begin PBXFrameworksBuildPhase section */
		B0FBEB1E2013F09100792A6B /* Frameworks */ = {
			isa = PBXFrameworksBuildPhase;
			buildActionMask = 2147483647;
			files = (
				4BC6B1D126F730E3A3D45711 /* Pods_Tasket.framework in Frameworks */,
			);
			runOnlyForDeploymentPostprocessing = 0;
		};
/* End PBXFrameworksBuildPhase section */

/* Begin PBXGroup section */
		4682B3518D4657218F00B3E3 /* Pods */ = {
			isa = PBXGroup;
			children = (
				837014AC713F2153FAD259F6 /* Pods-Tasket.debug.xcconfig */,
				CF8E545A1E43017270057D80 /* Pods-Tasket.release.xcconfig */,
			);
			name = Pods;
			sourceTree = "<group>";
		};
		852B2AA228DD41A768495C59 /* Frameworks */ = {
			isa = PBXGroup;
			children = (
				2C751ABD2C1935691BC70559 /* Pods_Tasket.framework */,
			);
			name = Frameworks;
			sourceTree = "<group>";
		};
		B03452D720145184006CBAB8 /* Supporting Files */ = {
			isa = PBXGroup;
			children = (
				B0FBEB2B2013F09100792A6B /* Assets.xcassets */,
				B0FBEB302013F09100792A6B /* Info.plist */,
			);
			name = "Supporting Files";
			sourceTree = "<group>";
		};
		B03452D820145197006CBAB8 /* Views */ = {
			isa = PBXGroup;
			children = (
				B0FBEB2D2013F09100792A6B /* LaunchScreen.storyboard */,
				B0FBEB282013F09100792A6B /* Main.storyboard */,
			);
			name = Views;
			sourceTree = "<group>";
		};
		B03452D92014519E006CBAB8 /* Controllers */ = {
			isa = PBXGroup;
			children = (
				B03453032015973B006CBAB8 /* CategoriesViewController.swift */,
				B019C776201678C900DECFD9 /* CategoriesViewController+SwipeCell.swift */,
				B0FBEB262013F09100792A6B /* TodoListViewController.swift */,
				B019C7782016854C00DECFD9 /* TodoListViewController+SwipeCell.swift */,
				B03452FF20158E28006CBAB8 /* TodoListViewController+UISearchBar.swift */,
			);
			name = Controllers;
			sourceTree = "<group>";
		};
		B03452DA201451A6006CBAB8 /* Models */ = {
			isa = PBXGroup;
			children = (
				B0AFC76B2015AD3B00C45135 /* Category.swift */,
				B0AFC7692015AD3600C45135 /* TodoItem.swift */,
			);
			name = Models;
			sourceTree = "<group>";
		};
		B0FBEB182013F09100792A6B = {
			isa = PBXGroup;
			children = (
				B0FBEB232013F09100792A6B /* Tasket */,
				B0FBEB222013F09100792A6B /* Products */,
				4682B3518D4657218F00B3E3 /* Pods */,
				852B2AA228DD41A768495C59 /* Frameworks */,
			);
			sourceTree = "<group>";
		};
		B0FBEB222013F09100792A6B /* Products */ = {
			isa = PBXGroup;
			children = (
				B0FBEB212013F09100792A6B /* Tasket.app */,
			);
			name = Products;
			sourceTree = "<group>";
		};
		B0FBEB232013F09100792A6B /* Tasket */ = {
			isa = PBXGroup;
			children = (
				B0FBEB242013F09100792A6B /* AppDelegate.swift */,
				B03452D92014519E006CBAB8 /* Controllers */,
				B03452DA201451A6006CBAB8 /* Models */,
				B03452D820145197006CBAB8 /* Views */,
				B03452D720145184006CBAB8 /* Supporting Files */,
			);
			path = Tasket;
			sourceTree = "<group>";
		};
/* End PBXGroup section */

/* Begin PBXNativeTarget section */
		B0FBEB202013F09100792A6B /* Tasket */ = {
			isa = PBXNativeTarget;
			buildConfigurationList = B0FBEB332013F09100792A6B /* Build configuration list for PBXNativeTarget "Tasket" */;
			buildPhases = (
				887A6C7FDAE21A5ECDF0DDB6 /* [CP] Check Pods Manifest.lock */,
				B0FBEB1D2013F09100792A6B /* Sources */,
				B0FBEB1E2013F09100792A6B /* Frameworks */,
				B0FBEB1F2013F09100792A6B /* Resources */,
				F506A4A8124268E47BB2B03D /* [CP] Embed Pods Frameworks */,
				E13FC0329A319302A9C8FA02 /* [CP] Copy Pods Resources */,
			);
			buildRules = (
			);
			dependencies = (
			);
			name = Tasket;
			productName = Todoey;
			productReference = B0FBEB212013F09100792A6B /* Tasket.app */;
			productType = "com.apple.product-type.application";
		};
/* End PBXNativeTarget section */

/* Begin PBXProject section */
		B0FBEB192013F09100792A6B /* Project object */ = {
			isa = PBXProject;
			attributes = {
				LastSwiftUpdateCheck = 0920;
				LastUpgradeCheck = 0920;
				ORGANIZATIONNAME = "Yuri Ramocan";
				TargetAttributes = {
					B0FBEB202013F09100792A6B = {
						CreatedOnToolsVersion = 9.2;
						ProvisioningStyle = Automatic;
					};
				};
			};
			buildConfigurationList = B0FBEB1C2013F09100792A6B /* Build configuration list for PBXProject "Tasket" */;
			compatibilityVersion = "Xcode 8.0";
			developmentRegion = en;
			hasScannedForEncodings = 0;
			knownRegions = (
				en,
				Base,
			);
			mainGroup = B0FBEB182013F09100792A6B;
			productRefGroup = B0FBEB222013F09100792A6B /* Products */;
			projectDirPath = "";
			projectRoot = "";
			targets = (
				B0FBEB202013F09100792A6B /* Tasket */,
			);
		};
/* End PBXProject section */

/* Begin PBXResourcesBuildPhase section */
		B0FBEB1F2013F09100792A6B /* Resources */ = {
			isa = PBXResourcesBuildPhase;
			buildActionMask = 2147483647;
			files = (
				B0FBEB2F2013F09100792A6B /* LaunchScreen.storyboard in Resources */,
				B0FBEB2C2013F09100792A6B /* Assets.xcassets in Resources */,
				B0FBEB2A2013F09100792A6B /* Main.storyboard in Resources */,
			);
			runOnlyForDeploymentPostprocessing = 0;
		};
/* End PBXResourcesBuildPhase section */

/* Begin PBXShellScriptBuildPhase section */
		887A6C7FDAE21A5ECDF0DDB6 /* [CP] Check Pods Manifest.lock */ = {
			isa = PBXShellScriptBuildPhase;
			buildActionMask = 2147483647;
			files = (
			);
			inputPaths = (
				"${PODS_PODFILE_DIR_PATH}/Podfile.lock",
				"${PODS_ROOT}/Manifest.lock",
			);
			name = "[CP] Check Pods Manifest.lock";
			outputPaths = (
				"$(DERIVED_FILE_DIR)/Pods-Tasket-checkManifestLockResult.txt",
			);
			runOnlyForDeploymentPostprocessing = 0;
			shellPath = /bin/sh;
			shellScript = "diff \"${PODS_PODFILE_DIR_PATH}/Podfile.lock\" \"${PODS_ROOT}/Manifest.lock\" > /dev/null\nif [ $? != 0 ] ; then\n    # print error to STDERR\n    echo \"error: The sandbox is not in sync with the Podfile.lock. Run 'pod install' or update your CocoaPods installation.\" >&2\n    exit 1\nfi\n# This output is used by Xcode 'outputs' to avoid re-running this script phase.\necho \"SUCCESS\" > \"${SCRIPT_OUTPUT_FILE_0}\"\n";
			showEnvVarsInLog = 0;
		};
		E13FC0329A319302A9C8FA02 /* [CP] Copy Pods Resources */ = {
			isa = PBXShellScriptBuildPhase;
			buildActionMask = 2147483647;
			files = (
			);
			inputPaths = (
			);
			name = "[CP] Copy Pods Resources";
			outputPaths = (
			);
			runOnlyForDeploymentPostprocessing = 0;
			shellPath = /bin/sh;
			shellScript = "\"${SRCROOT}/Pods/Target Support Files/Pods-Tasket/Pods-Tasket-resources.sh\"\n";
			showEnvVarsInLog = 0;
		};
		F506A4A8124268E47BB2B03D /* [CP] Embed Pods Frameworks */ = {
			isa = PBXShellScriptBuildPhase;
			buildActionMask = 2147483647;
			files = (
			);
			inputPaths = (
				"${SRCROOT}/Pods/Target Support Files/Pods-Tasket/Pods-Tasket-frameworks.sh",
				"${BUILT_PRODUCTS_DIR}/Realm/Realm.framework",
				"${BUILT_PRODUCTS_DIR}/RealmSwift/RealmSwift.framework",
				"${BUILT_PRODUCTS_DIR}/SwipeCellKit/SwipeCellKit.framework",
			);
			name = "[CP] Embed Pods Frameworks";
			outputPaths = (
				"${TARGET_BUILD_DIR}/${FRAMEWORKS_FOLDER_PATH}/Realm.framework",
				"${TARGET_BUILD_DIR}/${FRAMEWORKS_FOLDER_PATH}/RealmSwift.framework",
				"${TARGET_BUILD_DIR}/${FRAMEWORKS_FOLDER_PATH}/SwipeCellKit.framework",
			);
			runOnlyForDeploymentPostprocessing = 0;
			shellPath = /bin/sh;
			shellScript = "\"${SRCROOT}/Pods/Target Support Files/Pods-Tasket/Pods-Tasket-frameworks.sh\"\n";
			showEnvVarsInLog = 0;
		};
/* End PBXShellScriptBuildPhase section */

/* Begin PBXSourcesBuildPhase section */
		B0FBEB1D2013F09100792A6B /* Sources */ = {
			isa = PBXSourcesBuildPhase;
			buildActionMask = 2147483647;
			files = (
				B034530020158E28006CBAB8 /* TodoListViewController+UISearchBar.swift in Sources */,
				B0FBEB272013F09100792A6B /* TodoListViewController.swift in Sources */,
				B0FBEB252013F09100792A6B /* AppDelegate.swift in Sources */,
				B0AFC76A2015AD3600C45135 /* TodoItem.swift in Sources */,
				B03453042015973B006CBAB8 /* CategoriesViewController.swift in Sources */,
				B019C7792016854C00DECFD9 /* TodoListViewController+SwipeCell.swift in Sources */,
				B0AFC76C2015AD3B00C45135 /* Category.swift in Sources */,
				B019C777201678C900DECFD9 /* CategoriesViewController+SwipeCell.swift in Sources */,
			);
			runOnlyForDeploymentPostprocessing = 0;
		};
/* End PBXSourcesBuildPhase section */

/* Begin PBXVariantGroup section */
		B0FBEB282013F09100792A6B /* Main.storyboard */ = {
			isa = PBXVariantGroup;
			children = (
				B0FBEB292013F09100792A6B /* Base */,
			);
			name = Main.storyboard;
			sourceTree = "<group>";
		};
		B0FBEB2D2013F09100792A6B /* LaunchScreen.storyboard */ = {
			isa = PBXVariantGroup;
			children = (
				B0FBEB2E2013F09100792A6B /* Base */,
			);
			name = LaunchScreen.storyboard;
			sourceTree = "<group>";
		};
/* End PBXVariantGroup section */

/* Begin XCBuildConfiguration section */
		B0FBEB312013F09100792A6B /* Debug */ = {
			isa = XCBuildConfiguration;
			buildSettings = {
				ALWAYS_SEARCH_USER_PATHS = NO;
				CLANG_ANALYZER_NONNULL = YES;
				CLANG_ANALYZER_NUMBER_OBJECT_CONVERSION = YES_AGGRESSIVE;
				CLANG_CXX_LANGUAGE_STANDARD = "gnu++14";
				CLANG_CXX_LIBRARY = "libc++";
				CLANG_ENABLE_MODULES = YES;
				CLANG_ENABLE_OBJC_ARC = YES;
				CLANG_WARN_BLOCK_CAPTURE_AUTORELEASING = YES;
				CLANG_WARN_BOOL_CONVERSION = YES;
				CLANG_WARN_COMMA = YES;
				CLANG_WARN_CONSTANT_CONVERSION = YES;
				CLANG_WARN_DIRECT_OBJC_ISA_USAGE = YES_ERROR;
				CLANG_WARN_DOCUMENTATION_COMMENTS = YES;
				CLANG_WARN_EMPTY_BODY = YES;
				CLANG_WARN_ENUM_CONVERSION = YES;
				CLANG_WARN_INFINITE_RECURSION = YES;
				CLANG_WARN_INT_CONVERSION = YES;
				CLANG_WARN_NON_LITERAL_NULL_CONVERSION = YES;
				CLANG_WARN_OBJC_LITERAL_CONVERSION = YES;
				CLANG_WARN_OBJC_ROOT_CLASS = YES_ERROR;
				CLANG_WARN_RANGE_LOOP_ANALYSIS = YES;
				CLANG_WARN_STRICT_PROTOTYPES = YES;
				CLANG_WARN_SUSPICIOUS_MOVE = YES;
				CLANG_WARN_UNGUARDED_AVAILABILITY = YES_AGGRESSIVE;
				CLANG_WARN_UNREACHABLE_CODE = YES;
				CLANG_WARN__DUPLICATE_METHOD_MATCH = YES;
				CODE_SIGN_IDENTITY = "iPhone Developer";
				COPY_PHASE_STRIP = NO;
				DEBUG_INFORMATION_FORMAT = dwarf;
				ENABLE_STRICT_OBJC_MSGSEND = YES;
				ENABLE_TESTABILITY = YES;
				GCC_C_LANGUAGE_STANDARD = gnu11;
				GCC_DYNAMIC_NO_PIC = NO;
				GCC_NO_COMMON_BLOCKS = YES;
				GCC_OPTIMIZATION_LEVEL = 0;
				GCC_PREPROCESSOR_DEFINITIONS = (
					"DEBUG=1",
					"$(inherited)",
				);
				GCC_WARN_64_TO_32_BIT_CONVERSION = YES;
				GCC_WARN_ABOUT_RETURN_TYPE = YES_ERROR;
				GCC_WARN_UNDECLARED_SELECTOR = YES;
				GCC_WARN_UNINITIALIZED_AUTOS = YES_AGGRESSIVE;
				GCC_WARN_UNUSED_FUNCTION = YES;
				GCC_WARN_UNUSED_VARIABLE = YES;
				INFOPLIST_FILE = "";
				IPHONEOS_DEPLOYMENT_TARGET = 11.2;
				MTL_ENABLE_DEBUG_INFO = YES;
				ONLY_ACTIVE_ARCH = YES;
				SDKROOT = iphoneos;
				SWIFT_ACTIVE_COMPILATION_CONDITIONS = DEBUG;
				SWIFT_OPTIMIZATION_LEVEL = "-Onone";
			};
			name = Debug;
		};
		B0FBEB322013F09100792A6B /* Release */ = {
			isa = XCBuildConfiguration;
			buildSettings = {
				ALWAYS_SEARCH_USER_PATHS = NO;
				CLANG_ANALYZER_NONNULL = YES;
				CLANG_ANALYZER_NUMBER_OBJECT_CONVERSION = YES_AGGRESSIVE;
				CLANG_CXX_LANGUAGE_STANDARD = "gnu++14";
				CLANG_CXX_LIBRARY = "libc++";
				CLANG_ENABLE_MODULES = YES;
				CLANG_ENABLE_OBJC_ARC = YES;
				CLANG_WARN_BLOCK_CAPTURE_AUTORELEASING = YES;
				CLANG_WARN_BOOL_CONVERSION = YES;
				CLANG_WARN_COMMA = YES;
				CLANG_WARN_CONSTANT_CONVERSION = YES;
				CLANG_WARN_DIRECT_OBJC_ISA_USAGE = YES_ERROR;
				CLANG_WARN_DOCUMENTATION_COMMENTS = YES;
				CLANG_WARN_EMPTY_BODY = YES;
				CLANG_WARN_ENUM_CONVERSION = YES;
				CLANG_WARN_INFINITE_RECURSION = YES;
				CLANG_WARN_INT_CONVERSION = YES;
				CLANG_WARN_NON_LITERAL_NULL_CONVERSION = YES;
				CLANG_WARN_OBJC_LITERAL_CONVERSION = YES;
				CLANG_WARN_OBJC_ROOT_CLASS = YES_ERROR;
				CLANG_WARN_RANGE_LOOP_ANALYSIS = YES;
				CLANG_WARN_STRICT_PROTOTYPES = YES;
				CLANG_WARN_SUSPICIOUS_MOVE = YES;
				CLANG_WARN_UNGUARDED_AVAILABILITY = YES_AGGRESSIVE;
				CLANG_WARN_UNREACHABLE_CODE = YES;
				CLANG_WARN__DUPLICATE_METHOD_MATCH = YES;
				CODE_SIGN_IDENTITY = "iPhone Developer";
				COPY_PHASE_STRIP = NO;
				DEBUG_INFORMATION_FORMAT = "dwarf-with-dsym";
				ENABLE_NS_ASSERTIONS = NO;
				ENABLE_STRICT_OBJC_MSGSEND = YES;
				GCC_C_LANGUAGE_STANDARD = gnu11;
				GCC_NO_COMMON_BLOCKS = YES;
				GCC_WARN_64_TO_32_BIT_CONVERSION = YES;
				GCC_WARN_ABOUT_RETURN_TYPE = YES_ERROR;
				GCC_WARN_UNDECLARED_SELECTOR = YES;
				GCC_WARN_UNINITIALIZED_AUTOS = YES_AGGRESSIVE;
				GCC_WARN_UNUSED_FUNCTION = YES;
				GCC_WARN_UNUSED_VARIABLE = YES;
				INFOPLIST_FILE = "";
				IPHONEOS_DEPLOYMENT_TARGET = 11.2;
				MTL_ENABLE_DEBUG_INFO = NO;
				SDKROOT = iphoneos;
				SWIFT_OPTIMIZATION_LEVEL = "-Owholemodule";
				VALIDATE_PRODUCT = YES;
			};
			name = Release;
		};
		B0FBEB342013F09100792A6B /* Debug */ = {
			isa = XCBuildConfiguration;
			baseConfigurationReference = 837014AC713F2153FAD259F6 /* Pods-Tasket.debug.xcconfig */;
			buildSettings = {
				ASSETCATALOG_COMPILER_APPICON_NAME = AppIcon;
				CODE_SIGN_STYLE = Automatic;
				DEVELOPMENT_TEAM = JFW9B39RP7;
				INFOPLIST_FILE = Tasket/Info.plist;
				IPHONEOS_DEPLOYMENT_TARGET = 10.3;
				LD_RUNPATH_SEARCH_PATHS = "$(inherited) @executable_path/Frameworks";
				PRODUCT_BUNDLE_IDENTIFIER = com.yuriramocan.Tasket;
				PRODUCT_NAME = "$(TARGET_NAME)";
				SWIFT_VERSION = 4.0;
				TARGETED_DEVICE_FAMILY = "1,2";
			};
			name = Debug;
		};
		B0FBEB352013F09100792A6B /* Release */ = {
			isa = XCBuildConfiguration;
			baseConfigurationReference = CF8E545A1E43017270057D80 /* Pods-Tasket.release.xcconfig */;
			buildSettings = {
				ASSETCATALOG_COMPILER_APPICON_NAME = AppIcon;
				CODE_SIGN_STYLE = Automatic;
				DEVELOPMENT_TEAM = JFW9B39RP7;
				INFOPLIST_FILE = Tasket/Info.plist;
				IPHONEOS_DEPLOYMENT_TARGET = 10.3;
				LD_RUNPATH_SEARCH_PATHS = "$(inherited) @executable_path/Frameworks";
				PRODUCT_BUNDLE_IDENTIFIER = com.yuriramocan.Tasket;
				PRODUCT_NAME = "$(TARGET_NAME)";
				SWIFT_VERSION = 4.0;
				TARGETED_DEVICE_FAMILY = "1,2";
			};
			name = Release;
		};
/* End XCBuildConfiguration section */

/* Begin XCConfigurationList section */
		B0FBEB1C2013F09100792A6B /* Build configuration list for PBXProject "Tasket" */ = {
			isa = XCConfigurationList;
			buildConfigurations = (
				B0FBEB312013F09100792A6B /* Debug */,
				B0FBEB322013F09100792A6B /* Release */,
			);
			defaultConfigurationIsVisible = 0;
			defaultConfigurationName = Release;
		};
		B0FBEB332013F09100792A6B /* Build configuration list for PBXNativeTarget "Tasket" */ = {
			isa = XCConfigurationList;
			buildConfigurations = (
				B0FBEB342013F09100792A6B /* Debug */,
				B0FBEB352013F09100792A6B /* Release */,
			);
			defaultConfigurationIsVisible = 0;
			defaultConfigurationName = Release;
		};
/* End XCConfigurationList section */
	};
	rootObject = B0FBEB192013F09100792A6B /* Project object */;
}
